
Microsoft Visual Studio Solution File, Format Version 12.00
# Visual Studio Version 17
VisualStudioVersion = 17.8.34330.188
MinimumVisualStudioVersion = 10.0.40219.1
Project("{FAE04EC0-301F-11D3-BF4B-00C04F79EFBC}") = "ProductStorageHW", "ProductStorage\ProductStorageHW.csproj", "{4D42B0E5-735A-49CB-9DD8-BC4EFF3C0B8B}"
EndProject
Global
	GlobalSection(SolutionConfigurationPlatforms) = preSolution
		Debug|Any CPU = Debug|Any CPU
		Release|Any CPU = Release|Any CPU
	EndGlobalSection
	GlobalSection(ProjectConfigurationPlatforms) = postSolution
		{4D42B0E5-735A-49CB-9DD8-BC4EFF3C0B8B}.Debug|Any CPU.ActiveCfg = Debug|Any CPU
		{4D42B0E5-735A-49CB-9DD8-BC4EFF3C0B8B}.Debug|Any CPU.Build.0 = Debug|Any CPU
		{4D42B0E5-735A-49CB-9DD8-BC4EFF3C0B8B}.Release|Any CPU.ActiveCfg = Release|Any CPU
		{4D42B0E5-735A-49CB-9DD8-BC4EFF3C0B8B}.Release|Any CPU.Build.0 = Release|Any CPU
	EndGlobalSection
	GlobalSection(SolutionProperties) = preSolution
		HideSolutionNode = FALSE
	EndGlobalSection
	GlobalSection(ExtensibilityGlobals) = postSolution
		SolutionGuid = {18A1563F-1D37-41EB-BB13-6B331A42129B}
	EndGlobalSection
EndGlobal
